
Microsoft Visual Studio Solution File, Format Version 12.00
# Visual Studio Version 17
VisualStudioVersion = 17.5.33530.505
MinimumVisualStudioVersion = 10.0.40219.1
Project("{FAE04EC0-301F-11D3-BF4B-00C04F79EFBC}") = "COMP367 Quiz4", "COMP367 Quiz4\COMP367 Quiz4.csproj", "{632FE7E0-1D20-46B2-A73D-0D764BC25634}"
EndProject
Global
	GlobalSection(SolutionConfigurationPlatforms) = preSolution
		Debug|Any CPU = Debug|Any CPU
		Release|Any CPU = Release|Any CPU
	EndGlobalSection
	GlobalSection(ProjectConfigurationPlatforms) = postSolution
		{632FE7E0-1D20-46B2-A73D-0D764BC25634}.Debug|Any CPU.ActiveCfg = Debug|Any CPU
		{632FE7E0-1D20-46B2-A73D-0D764BC25634}.Debug|Any CPU.Build.0 = Debug|Any CPU
		{632FE7E0-1D20-46B2-A73D-0D764BC25634}.Release|Any CPU.ActiveCfg = Release|Any CPU
		{632FE7E0-1D20-46B2-A73D-0D764BC25634}.Release|Any CPU.Build.0 = Release|Any CPU
	EndGlobalSection
	GlobalSection(SolutionProperties) = preSolution
		HideSolutionNode = FALSE
	EndGlobalSection
	GlobalSection(ExtensibilityGlobals) = postSolution
		SolutionGuid = {B7694084-8717-49FA-9542-2DE9D136CFD3}
	EndGlobalSection
EndGlobal
